// !$*UTF8*$!
{
	archiveVersion = 1;
	classes = {
	};
	objectVersion = 50;
	objects = {

/* Begin PBXBuildFile section */
		FA824B88262D4BD400E5117E /* AppDelegate.swift in Sources */ = {isa = PBXBuildFile; fileRef = FA824B87262D4BD400E5117E /* AppDelegate.swift */; };
		FA824B8A262D4BD400E5117E /* SceneDelegate.swift in Sources */ = {isa = PBXBuildFile; fileRef = FA824B89262D4BD400E5117E /* SceneDelegate.swift */; };
		FA824B8C262D4BD400E5117E /* ViewController.swift in Sources */ = {isa = PBXBuildFile; fileRef = FA824B8B262D4BD400E5117E /* ViewController.swift */; };
		FA824B8F262D4BD400E5117E /* Main.storyboard in Resources */ = {isa = PBXBuildFile; fileRef = FA824B8D262D4BD400E5117E /* Main.storyboard */; };
		FA824B92262D4BD400E5117E /* RunTouristIos.xcdatamodeld in Sources */ = {isa = PBXBuildFile; fileRef = FA824B90262D4BD400E5117E /* RunTouristIos.xcdatamodeld */; };
		FA824B94262D4BD500E5117E /* Assets.xcassets in Resources */ = {isa = PBXBuildFile; fileRef = FA824B93262D4BD500E5117E /* Assets.xcassets */; };
		FA824B97262D4BD500E5117E /* LaunchScreen.storyboard in Resources */ = {isa = PBXBuildFile; fileRef = FA824B95262D4BD500E5117E /* LaunchScreen.storyboard */; };
		FA824BA2262D4BD500E5117E /* RunTouristIosTests.swift in Sources */ = {isa = PBXBuildFile; fileRef = FA824BA1262D4BD500E5117E /* RunTouristIosTests.swift */; };
		FA824BAD262D4BD500E5117E /* RunTouristIosUITests.swift in Sources */ = {isa = PBXBuildFile; fileRef = FA824BAC262D4BD500E5117E /* RunTouristIosUITests.swift */; };
		FAC310EE263D2F2300241670 /* TableViewControllerN.swift in Sources */ = {isa = PBXBuildFile; fileRef = FAC310ED263D2F2300241670 /* TableViewControllerN.swift */; };
		FAC310F0263D343B00241670 /* CheckMyItem.swift in Sources */ = {isa = PBXBuildFile; fileRef = FAC310EF263D343B00241670 /* CheckMyItem.swift */; };
		FAC310F3263D4BC800241670 /* TableViewControllerE.swift in Sources */ = {isa = PBXBuildFile; fileRef = FAC310F2263D4BC800241670 /* TableViewControllerE.swift */; };
		FAC310F5263D4BD800241670 /* TableViewControllerS.swift in Sources */ = {isa = PBXBuildFile; fileRef = FAC310F4263D4BD800241670 /* TableViewControllerS.swift */; };
		FAC310F7263D4BE400241670 /* TableViewControllerO.swift in Sources */ = {isa = PBXBuildFile; fileRef = FAC310F6263D4BE400241670 /* TableViewControllerO.swift */; };
		FAF3D89026328FF20037DBCC /* Launch Screen.storyboard in Resources */ = {isa = PBXBuildFile; fileRef = FAF3D88F26328FF20037DBCC /* Launch Screen.storyboard */; };
/* End PBXBuildFile section */

/* Begin PBXContainerItemProxy section */
		FA824B9E262D4BD500E5117E /* PBXContainerItemProxy */ = {
			isa = PBXContainerItemProxy;
			containerPortal = FA824B7C262D4BD400E5117E /* Project object */;
			proxyType = 1;
			remoteGlobalIDString = FA824B83262D4BD400E5117E;
			remoteInfo = RunTouristIos;
		};
		FA824BA9262D4BD500E5117E /* PBXContainerItemProxy */ = {
			isa = PBXContainerItemProxy;
			containerPortal = FA824B7C262D4BD400E5117E /* Project object */;
			proxyType = 1;
			remoteGlobalIDString = FA824B83262D4BD400E5117E;
			remoteInfo = RunTouristIos;
		};
/* End PBXContainerItemProxy section */

/* Begin PBXFileReference section */
		FA824B84262D4BD400E5117E /* RunTouristIos.app */ = {isa = PBXFileReference; explicitFileType = wrapper.application; includeInIndex = 0; path = RunTouristIos.app; sourceTree = BUILT_PRODUCTS_DIR; };
		FA824B87262D4BD400E5117E /* AppDelegate.swift */ = {isa = PBXFileReference; lastKnownFileType = sourcecode.swift; path = AppDelegate.swift; sourceTree = "<group>"; };
		FA824B89262D4BD400E5117E /* SceneDelegate.swift */ = {isa = PBXFileReference; lastKnownFileType = sourcecode.swift; path = SceneDelegate.swift; sourceTree = "<group>"; };
		FA824B8B262D4BD400E5117E /* ViewController.swift */ = {isa = PBXFileReference; lastKnownFileType = sourcecode.swift; path = ViewController.swift; sourceTree = "<group>"; };
		FA824B8E262D4BD400E5117E /* Base */ = {isa = PBXFileReference; lastKnownFileType = file.storyboard; name = Base; path = Base.lproj/Main.storyboard; sourceTree = "<group>"; };
		FA824B91262D4BD400E5117E /* RunTouristIos.xcdatamodel */ = {isa = PBXFileReference; lastKnownFileType = wrapper.xcdatamodel; path = RunTouristIos.xcdatamodel; sourceTree = "<group>"; };
		FA824B93262D4BD500E5117E /* Assets.xcassets */ = {isa = PBXFileReference; lastKnownFileType = folder.assetcatalog; path = Assets.xcassets; sourceTree = "<group>"; };
		FA824B96262D4BD500E5117E /* Base */ = {isa = PBXFileReference; lastKnownFileType = file.storyboard; name = Base; path = Base.lproj/LaunchScreen.storyboard; sourceTree = "<group>"; };
		FA824B98262D4BD500E5117E /* Info.plist */ = {isa = PBXFileReference; lastKnownFileType = text.plist.xml; path = Info.plist; sourceTree = "<group>"; };
		FA824B9D262D4BD500E5117E /* RunTouristIosTests.xctest */ = {isa = PBXFileReference; explicitFileType = wrapper.cfbundle; includeInIndex = 0; path = RunTouristIosTests.xctest; sourceTree = BUILT_PRODUCTS_DIR; };
		FA824BA1262D4BD500E5117E /* RunTouristIosTests.swift */ = {isa = PBXFileReference; lastKnownFileType = sourcecode.swift; path = RunTouristIosTests.swift; sourceTree = "<group>"; };
		FA824BA3262D4BD500E5117E /* Info.plist */ = {isa = PBXFileReference; lastKnownFileType = text.plist.xml; path = Info.plist; sourceTree = "<group>"; };
		FA824BA8262D4BD500E5117E /* RunTouristIosUITests.xctest */ = {isa = PBXFileReference; explicitFileType = wrapper.cfbundle; includeInIndex = 0; path = RunTouristIosUITests.xctest; sourceTree = BUILT_PRODUCTS_DIR; };
		FA824BAC262D4BD500E5117E /* RunTouristIosUITests.swift */ = {isa = PBXFileReference; lastKnownFileType = sourcecode.swift; path = RunTouristIosUITests.swift; sourceTree = "<group>"; };
		FA824BAE262D4BD500E5117E /* Info.plist */ = {isa = PBXFileReference; lastKnownFileType = text.plist.xml; path = Info.plist; sourceTree = "<group>"; };
		FAC310ED263D2F2300241670 /* TableViewControllerN.swift */ = {isa = PBXFileReference; lastKnownFileType = sourcecode.swift; path = TableViewControllerN.swift; sourceTree = "<group>"; };
		FAC310EF263D343B00241670 /* CheckMyItem.swift */ = {isa = PBXFileReference; lastKnownFileType = sourcecode.swift; path = CheckMyItem.swift; sourceTree = "<group>"; };
		FAC310F2263D4BC800241670 /* TableViewControllerE.swift */ = {isa = PBXFileReference; lastKnownFileType = sourcecode.swift; path = TableViewControllerE.swift; sourceTree = "<group>"; };
		FAC310F4263D4BD800241670 /* TableViewControllerS.swift */ = {isa = PBXFileReference; lastKnownFileType = sourcecode.swift; path = TableViewControllerS.swift; sourceTree = "<group>"; };
		FAC310F6263D4BE400241670 /* TableViewControllerO.swift */ = {isa = PBXFileReference; lastKnownFileType = sourcecode.swift; path = TableViewControllerO.swift; sourceTree = "<group>"; };
		FAF3D88F26328FF20037DBCC /* Launch Screen.storyboard */ = {isa = PBXFileReference; lastKnownFileType = file.storyboard; path = "Launch Screen.storyboard"; sourceTree = "<group>"; };
/* End PBXFileReference section */

/* Begin PBXFrameworksBuildPhase section */
		FA824B81262D4BD400E5117E /* Frameworks */ = {
			isa = PBXFrameworksBuildPhase;
			buildActionMask = 2147483647;
			files = (
			);
			runOnlyForDeploymentPostprocessing = 0;
		};
		FA824B9A262D4BD500E5117E /* Frameworks */ = {
			isa = PBXFrameworksBuildPhase;
			buildActionMask = 2147483647;
			files = (
			);
			runOnlyForDeploymentPostprocessing = 0;
		};
		FA824BA5262D4BD500E5117E /* Frameworks */ = {
			isa = PBXFrameworksBuildPhase;
			buildActionMask = 2147483647;
			files = (
			);
			runOnlyForDeploymentPostprocessing = 0;
		};
/* End PBXFrameworksBuildPhase section */

/* Begin PBXGroup section */
		FA824B7B262D4BD400E5117E = {
			isa = PBXGroup;
			children = (
				FA824B86262D4BD400E5117E /* RunTouristIos */,
				FA824BA0262D4BD500E5117E /* RunTouristIosTests */,
				FA824BAB262D4BD500E5117E /* RunTouristIosUITests */,
				FA824B85262D4BD400E5117E /* Products */,
			);
			sourceTree = "<group>";
		};
		FA824B85262D4BD400E5117E /* Products */ = {
			isa = PBXGroup;
			children = (
				FA824B84262D4BD400E5117E /* RunTouristIos.app */,
				FA824B9D262D4BD500E5117E /* RunTouristIosTests.xctest */,
				FA824BA8262D4BD500E5117E /* RunTouristIosUITests.xctest */,
			);
			name = Products;
			sourceTree = "<group>";
		};
		FA824B86262D4BD400E5117E /* RunTouristIos */ = {
			isa = PBXGroup;
			children = (
				FAC310F8263D4CA400241670 /* View */,
				FAC310F1263D4B5300241670 /* ControllerCard */,
				FA824B87262D4BD400E5117E /* AppDelegate.swift */,
				FA824B89262D4BD400E5117E /* SceneDelegate.swift */,
				FA824B8D262D4BD400E5117E /* Main.storyboard */,
				FA824B93262D4BD500E5117E /* Assets.xcassets */,
				FA824B95262D4BD500E5117E /* LaunchScreen.storyboard */,
				FA824B98262D4BD500E5117E /* Info.plist */,
				FA824B90262D4BD400E5117E /* RunTouristIos.xcdatamodeld */,
				FAF3D88F26328FF20037DBCC /* Launch Screen.storyboard */,
			);
			path = RunTouristIos;
			sourceTree = "<group>";
		};
		FA824BA0262D4BD500E5117E /* RunTouristIosTests */ = {
			isa = PBXGroup;
			children = (
				FA824BA1262D4BD500E5117E /* RunTouristIosTests.swift */,
				FA824BA3262D4BD500E5117E /* Info.plist */,
			);
			path = RunTouristIosTests;
			sourceTree = "<group>";
		};
		FA824BAB262D4BD500E5117E /* RunTouristIosUITests */ = {
			isa = PBXGroup;
			children = (
				FA824BAC262D4BD500E5117E /* RunTouristIosUITests.swift */,
				FA824BAE262D4BD500E5117E /* Info.plist */,
			);
			path = RunTouristIosUITests;
			sourceTree = "<group>";
		};
		FAC310F1263D4B5300241670 /* ControllerCard */ = {
			isa = PBXGroup;
			children = (
				FAC310F9263D4CE900241670 /* Item */,
				FAC310ED263D2F2300241670 /* TableViewControllerN.swift */,
				FAC310F2263D4BC800241670 /* TableViewControllerE.swift */,
				FAC310F4263D4BD800241670 /* TableViewControllerS.swift */,
				FAC310F6263D4BE400241670 /* TableViewControllerO.swift */,
			);
			path = ControllerCard;
			sourceTree = "<group>";
		};
		FAC310F8263D4CA400241670 /* View */ = {
			isa = PBXGroup;
			children = (
				FA824B8B262D4BD400E5117E /* ViewController.swift */,
			);
			path = View;
			sourceTree = "<group>";
		};
		FAC310F9263D4CE900241670 /* Item */ = {
			isa = PBXGroup;
			children = (
				FAC310EF263D343B00241670 /* CheckMyItem.swift */,
			);
			path = Item;
			sourceTree = "<group>";
		};
/* End PBXGroup section */

/* Begin PBXNativeTarget section */
		FA824B83262D4BD400E5117E /* RunTouristIos */ = {
			isa = PBXNativeTarget;
			buildConfigurationList = FA824BB1262D4BD500E5117E /* Build configuration list for PBXNativeTarget "RunTouristIos" */;
			buildPhases = (
				FA824B80262D4BD400E5117E /* Sources */,
				FA824B81262D4BD400E5117E /* Frameworks */,
				FA824B82262D4BD400E5117E /* Resources */,
			);
			buildRules = (
			);
			dependencies = (
			);
			name = RunTouristIos;
			productName = RunTouristIos;
			productReference = FA824B84262D4BD400E5117E /* RunTouristIos.app */;
			productType = "com.apple.product-type.application";
		};
		FA824B9C262D4BD500E5117E /* RunTouristIosTests */ = {
			isa = PBXNativeTarget;
			buildConfigurationList = FA824BB4262D4BD500E5117E /* Build configuration list for PBXNativeTarget "RunTouristIosTests" */;
			buildPhases = (
				FA824B99262D4BD500E5117E /* Sources */,
				FA824B9A262D4BD500E5117E /* Frameworks */,
				FA824B9B262D4BD500E5117E /* Resources */,
			);
			buildRules = (
			);
			dependencies = (
				FA824B9F262D4BD500E5117E /* PBXTargetDependency */,
			);
			name = RunTouristIosTests;
			productName = RunTouristIosTests;
			productReference = FA824B9D262D4BD500E5117E /* RunTouristIosTests.xctest */;
			productType = "com.apple.product-type.bundle.unit-test";
		};
		FA824BA7262D4BD500E5117E /* RunTouristIosUITests */ = {
			isa = PBXNativeTarget;
			buildConfigurationList = FA824BB7262D4BD500E5117E /* Build configuration list for PBXNativeTarget "RunTouristIosUITests" */;
			buildPhases = (
				FA824BA4262D4BD500E5117E /* Sources */,
				FA824BA5262D4BD500E5117E /* Frameworks */,
				FA824BA6262D4BD500E5117E /* Resources */,
			);
			buildRules = (
			);
			dependencies = (
				FA824BAA262D4BD500E5117E /* PBXTargetDependency */,
			);
			name = RunTouristIosUITests;
			productName = RunTouristIosUITests;
			productReference = FA824BA8262D4BD500E5117E /* RunTouristIosUITests.xctest */;
			productType = "com.apple.product-type.bundle.ui-testing";
		};
/* End PBXNativeTarget section */

/* Begin PBXProject section */
		FA824B7C262D4BD400E5117E /* Project object */ = {
			isa = PBXProject;
			attributes = {
				LastSwiftUpdateCheck = 1240;
				LastUpgradeCheck = 1240;
				TargetAttributes = {
					FA824B83262D4BD400E5117E = {
						CreatedOnToolsVersion = 12.4;
					};
					FA824B9C262D4BD500E5117E = {
						CreatedOnToolsVersion = 12.4;
						TestTargetID = FA824B83262D4BD400E5117E;
					};
					FA824BA7262D4BD500E5117E = {
						CreatedOnToolsVersion = 12.4;
						TestTargetID = FA824B83262D4BD400E5117E;
					};
				};
			};
			buildConfigurationList = FA824B7F262D4BD400E5117E /* Build configuration list for PBXProject "RunTouristIos" */;
			compatibilityVersion = "Xcode 9.3";
			developmentRegion = en;
			hasScannedForEncodings = 0;
			knownRegions = (
				en,
				Base,
			);
			mainGroup = FA824B7B262D4BD400E5117E;
			productRefGroup = FA824B85262D4BD400E5117E /* Products */;
			projectDirPath = "";
			projectRoot = "";
			targets = (
				FA824B83262D4BD400E5117E /* RunTouristIos */,
				FA824B9C262D4BD500E5117E /* RunTouristIosTests */,
				FA824BA7262D4BD500E5117E /* RunTouristIosUITests */,
			);
		};
/* End PBXProject section */

/* Begin PBXResourcesBuildPhase section */
		FA824B82262D4BD400E5117E /* Resources */ = {
			isa = PBXResourcesBuildPhase;
			buildActionMask = 2147483647;
			files = (
				FA824B97262D4BD500E5117E /* LaunchScreen.storyboard in Resources */,
				FA824B94262D4BD500E5117E /* Assets.xcassets in Resources */,
				FAF3D89026328FF20037DBCC /* Launch Screen.storyboard in Resources */,
				FA824B8F262D4BD400E5117E /* Main.storyboard in Resources */,
			);
			runOnlyForDeploymentPostprocessing = 0;
		};
		FA824B9B262D4BD500E5117E /* Resources */ = {
			isa = PBXResourcesBuildPhase;
			buildActionMask = 2147483647;
			files = (
			);
			runOnlyForDeploymentPostprocessing = 0;
		};
		FA824BA6262D4BD500E5117E /* Resources */ = {
			isa = PBXResourcesBuildPhase;
			buildActionMask = 2147483647;
			files = (
			);
			runOnlyForDeploymentPostprocessing = 0;
		};
/* End PBXResourcesBuildPhase section */

/* Begin PBXSourcesBuildPhase section */
		FA824B80262D4BD400E5117E /* Sources */ = {
			isa = PBXSourcesBuildPhase;
			buildActionMask = 2147483647;
			files = (
				FA824B92262D4BD400E5117E /* RunTouristIos.xcdatamodeld in Sources */,
				FA824B8C262D4BD400E5117E /* ViewController.swift in Sources */,
				FA824B88262D4BD400E5117E /* AppDelegate.swift in Sources */,
				FAC310F7263D4BE400241670 /* TableViewControllerO.swift in Sources */,
				FAC310F0263D343B00241670 /* CheckMyItem.swift in Sources */,
				FAC310EE263D2F2300241670 /* TableViewControllerN.swift in Sources */,
				FA824B8A262D4BD400E5117E /* SceneDelegate.swift in Sources */,
				FAC310F3263D4BC800241670 /* TableViewControllerE.swift in Sources */,
				FAC310F5263D4BD800241670 /* TableViewControllerS.swift in Sources */,
			);
			runOnlyForDeploymentPostprocessing = 0;
		};
		FA824B99262D4BD500E5117E /* Sources */ = {
			isa = PBXSourcesBuildPhase;
			buildActionMask = 2147483647;
			files = (
				FA824BA2262D4BD500E5117E /* RunTouristIosTests.swift in Sources */,
			);
			runOnlyForDeploymentPostprocessing = 0;
		};
		FA824BA4262D4BD500E5117E /* Sources */ = {
			isa = PBXSourcesBuildPhase;
			buildActionMask = 2147483647;
			files = (
				FA824BAD262D4BD500E5117E /* RunTouristIosUITests.swift in Sources */,
			);
			runOnlyForDeploymentPostprocessing = 0;
		};
/* End PBXSourcesBuildPhase section */

/* Begin PBXTargetDependency section */
		FA824B9F262D4BD500E5117E /* PBXTargetDependency */ = {
			isa = PBXTargetDependency;
			target = FA824B83262D4BD400E5117E /* RunTouristIos */;
			targetProxy = FA824B9E262D4BD500E5117E /* PBXContainerItemProxy */;
		};
		FA824BAA262D4BD500E5117E /* PBXTargetDependency */ = {
			isa = PBXTargetDependency;
			target = FA824B83262D4BD400E5117E /* RunTouristIos */;
			targetProxy = FA824BA9262D4BD500E5117E /* PBXContainerItemProxy */;
		};
/* End PBXTargetDependency section */

/* Begin PBXVariantGroup section */
		FA824B8D262D4BD400E5117E /* Main.storyboard */ = {
			isa = PBXVariantGroup;
			children = (
				FA824B8E262D4BD400E5117E /* Base */,
			);
			name = Main.storyboard;
			sourceTree = "<group>";
		};
		FA824B95262D4BD500E5117E /* LaunchScreen.storyboard */ = {
			isa = PBXVariantGroup;
			children = (
				FA824B96262D4BD500E5117E /* Base */,
			);
			name = LaunchScreen.storyboard;
			sourceTree = "<group>";
		};
/* End PBXVariantGroup section */

/* Begin XCBuildConfiguration section */
		FA824BAF262D4BD500E5117E /* Debug */ = {
			isa = XCBuildConfiguration;
			buildSettings = {
				ALWAYS_SEARCH_USER_PATHS = NO;
				CLANG_ANALYZER_NONNULL = YES;
				CLANG_ANALYZER_NUMBER_OBJECT_CONVERSION = YES_AGGRESSIVE;
				CLANG_CXX_LANGUAGE_STANDARD = "gnu++14";
				CLANG_CXX_LIBRARY = "libc++";
				CLANG_ENABLE_MODULES = YES;
				CLANG_ENABLE_OBJC_ARC = YES;
				CLANG_ENABLE_OBJC_WEAK = YES;
				CLANG_WARN_BLOCK_CAPTURE_AUTORELEASING = YES;
				CLANG_WARN_BOOL_CONVERSION = YES;
				CLANG_WARN_COMMA = YES;
				CLANG_WARN_CONSTANT_CONVERSION = YES;
				CLANG_WARN_DEPRECATED_OBJC_IMPLEMENTATIONS = YES;
				CLANG_WARN_DIRECT_OBJC_ISA_USAGE = YES_ERROR;
				CLANG_WARN_DOCUMENTATION_COMMENTS = YES;
				CLANG_WARN_EMPTY_BODY = YES;
				CLANG_WARN_ENUM_CONVERSION = YES;
				CLANG_WARN_INFINITE_RECURSION = YES;
				CLANG_WARN_INT_CONVERSION = YES;
				CLANG_WARN_NON_LITERAL_NULL_CONVERSION = YES;
				CLANG_WARN_OBJC_IMPLICIT_RETAIN_SELF = YES;
				CLANG_WARN_OBJC_LITERAL_CONVERSION = YES;
				CLANG_WARN_OBJC_ROOT_CLASS = YES_ERROR;
				CLANG_WARN_QUOTED_INCLUDE_IN_FRAMEWORK_HEADER = YES;
				CLANG_WARN_RANGE_LOOP_ANALYSIS = YES;
				CLANG_WARN_STRICT_PROTOTYPES = YES;
				CLANG_WARN_SUSPICIOUS_MOVE = YES;
				CLANG_WARN_UNGUARDED_AVAILABILITY = YES_AGGRESSIVE;
				CLANG_WARN_UNREACHABLE_CODE = YES;
				CLANG_WARN__DUPLICATE_METHOD_MATCH = YES;
				COPY_PHASE_STRIP = NO;
				DEBUG_INFORMATION_FORMAT = dwarf;
				ENABLE_STRICT_OBJC_MSGSEND = YES;
				ENABLE_TESTABILITY = YES;
				GCC_C_LANGUAGE_STANDARD = gnu11;
				GCC_DYNAMIC_NO_PIC = NO;
				GCC_NO_COMMON_BLOCKS = YES;
				GCC_OPTIMIZATION_LEVEL = 0;
				GCC_PREPROCESSOR_DEFINITIONS = (
					"DEBUG=1",
					"$(inherited)",
				);
				GCC_WARN_64_TO_32_BIT_CONVERSION = YES;
				GCC_WARN_ABOUT_RETURN_TYPE = YES_ERROR;
				GCC_WARN_UNDECLARED_SELECTOR = YES;
				GCC_WARN_UNINITIALIZED_AUTOS = YES_AGGRESSIVE;
				GCC_WARN_UNUSED_FUNCTION = YES;
				GCC_WARN_UNUSED_VARIABLE = YES;
				IPHONEOS_DEPLOYMENT_TARGET = 14.4;
				MTL_ENABLE_DEBUG_INFO = INCLUDE_SOURCE;
				MTL_FAST_MATH = YES;
				ONLY_ACTIVE_ARCH = YES;
				SDKROOT = iphoneos;
				SWIFT_ACTIVE_COMPILATION_CONDITIONS = DEBUG;
				SWIFT_OPTIMIZATION_LEVEL = "-Onone";
			};
			name = Debug;
		};
		FA824BB0262D4BD500E5117E /* Release */ = {
			isa = XCBuildConfiguration;
			buildSettings = {
				ALWAYS_SEARCH_USER_PATHS = NO;
				CLANG_ANALYZER_NONNULL = YES;
				CLANG_ANALYZER_NUMBER_OBJECT_CONVERSION = YES_AGGRESSIVE;
				CLANG_CXX_LANGUAGE_STANDARD = "gnu++14";
				CLANG_CXX_LIBRARY = "libc++";
				CLANG_ENABLE_MODULES = YES;
				CLANG_ENABLE_OBJC_ARC = YES;
				CLANG_ENABLE_OBJC_WEAK = YES;
				CLANG_WARN_BLOCK_CAPTURE_AUTORELEASING = YES;
				CLANG_WARN_BOOL_CONVERSION = YES;
				CLANG_WARN_COMMA = YES;
				CLANG_WARN_CONSTANT_CONVERSION = YES;
				CLANG_WARN_DEPRECATED_OBJC_IMPLEMENTATIONS = YES;
				CLANG_WARN_DIRECT_OBJC_ISA_USAGE = YES_ERROR;
				CLANG_WARN_DOCUMENTATION_COMMENTS = YES;
				CLANG_WARN_EMPTY_BODY = YES;
				CLANG_WARN_ENUM_CONVERSION = YES;
				CLANG_WARN_INFINITE_RECURSION = YES;
				CLANG_WARN_INT_CONVERSION = YES;
				CLANG_WARN_NON_LITERAL_NULL_CONVERSION = YES;
				CLANG_WARN_OBJC_IMPLICIT_RETAIN_SELF = YES;
				CLANG_WARN_OBJC_LITERAL_CONVERSION = YES;
				CLANG_WARN_OBJC_ROOT_CLASS = YES_ERROR;
				CLANG_WARN_QUOTED_INCLUDE_IN_FRAMEWORK_HEADER = YES;
				CLANG_WARN_RANGE_LOOP_ANALYSIS = YES;
				CLANG_WARN_STRICT_PROTOTYPES = YES;
				CLANG_WARN_SUSPICIOUS_MOVE = YES;
				CLANG_WARN_UNGUARDED_AVAILABILITY = YES_AGGRESSIVE;
				CLANG_WARN_UNREACHABLE_CODE = YES;
				CLANG_WARN__DUPLICATE_METHOD_MATCH = YES;
				COPY_PHASE_STRIP = NO;
				DEBUG_INFORMATION_FORMAT = "dwarf-with-dsym";
				ENABLE_NS_ASSERTIONS = NO;
				ENABLE_STRICT_OBJC_MSGSEND = YES;
				GCC_C_LANGUAGE_STANDARD = gnu11;
				GCC_NO_COMMON_BLOCKS = YES;
				GCC_WARN_64_TO_32_BIT_CONVERSION = YES;
				GCC_WARN_ABOUT_RETURN_TYPE = YES_ERROR;
				GCC_WARN_UNDECLARED_SELECTOR = YES;
				GCC_WARN_UNINITIALIZED_AUTOS = YES_AGGRESSIVE;
				GCC_WARN_UNUSED_FUNCTION = YES;
				GCC_WARN_UNUSED_VARIABLE = YES;
				IPHONEOS_DEPLOYMENT_TARGET = 14.4;
				MTL_ENABLE_DEBUG_INFO = NO;
				MTL_FAST_MATH = YES;
				SDKROOT = iphoneos;
				SWIFT_COMPILATION_MODE = wholemodule;
				SWIFT_OPTIMIZATION_LEVEL = "-O";
				VALIDATE_PRODUCT = YES;
			};
			name = Release;
		};
		FA824BB2262D4BD500E5117E /* Debug */ = {
			isa = XCBuildConfiguration;
			buildSettings = {
				ASSETCATALOG_COMPILER_APPICON_NAME = AppIcon;
				ASSETCATALOG_COMPILER_GLOBAL_ACCENT_COLOR_NAME = AccentColor;
				CODE_SIGN_STYLE = Automatic;
				DEVELOPMENT_TEAM = "";
				INFOPLIST_FILE = RunTouristIos/Info.plist;
				LD_RUNPATH_SEARCH_PATHS = (
					"$(inherited)",
					"@executable_path/Frameworks",
				);
				PRODUCT_BUNDLE_IDENTIFIER = com.project.RunTouristIos;
				PRODUCT_NAME = "$(TARGET_NAME)";
				SWIFT_VERSION = 5.0;
				TARGETED_DEVICE_FAMILY = "1,2";
			};
			name = Debug;
		};
		FA824BB3262D4BD500E5117E /* Release */ = {
			isa = XCBuildConfiguration;
			buildSettings = {
				ASSETCATALOG_COMPILER_APPICON_NAME = AppIcon;
				ASSETCATALOG_COMPILER_GLOBAL_ACCENT_COLOR_NAME = AccentColor;
				CODE_SIGN_STYLE = Automatic;
				DEVELOPMENT_TEAM = "";
				INFOPLIST_FILE = RunTouristIos/Info.plist;
				LD_RUNPATH_SEARCH_PATHS = (
					"$(inherited)",
					"@executable_path/Frameworks",
				);
				PRODUCT_BUNDLE_IDENTIFIER = com.project.RunTouristIos;
				PRODUCT_NAME = "$(TARGET_NAME)";
				SWIFT_VERSION = 5.0;
				TARGETED_DEVICE_FAMILY = "1,2";
			};
			name = Release;
		};
		FA824BB5262D4BD500E5117E /* Debug */ = {
			isa = XCBuildConfiguration;
			buildSettings = {
				ALWAYS_EMBED_SWIFT_STANDARD_LIBRARIES = YES;
				BUNDLE_LOADER = "$(TEST_HOST)";
				CODE_SIGN_STYLE = Automatic;
				INFOPLIST_FILE = RunTouristIosTests/Info.plist;
				IPHONEOS_DEPLOYMENT_TARGET = 14.4;
				LD_RUNPATH_SEARCH_PATHS = (
					"$(inherited)",
					"@executable_path/Frameworks",
					"@loader_path/Frameworks",
				);
				PRODUCT_BUNDLE_IDENTIFIER = com.project.RunTouristIosTests;
				PRODUCT_NAME = "$(TARGET_NAME)";
				SWIFT_VERSION = 5.0;
				TARGETED_DEVICE_FAMILY = "1,2";
				TEST_HOST = "$(BUILT_PRODUCTS_DIR)/RunTouristIos.app/RunTouristIos";
			};
			name = Debug;
		};
		FA824BB6262D4BD500E5117E /* Release */ = {
			isa = XCBuildConfiguration;
			buildSettings = {
				ALWAYS_EMBED_SWIFT_STANDARD_LIBRARIES = YES;
				BUNDLE_LOADER = "$(TEST_HOST)";
				CODE_SIGN_STYLE = Automatic;
				INFOPLIST_FILE = RunTouristIosTests/Info.plist;
				IPHONEOS_DEPLOYMENT_TARGET = 14.4;
				LD_RUNPATH_SEARCH_PATHS = (
					"$(inherited)",
					"@executable_path/Frameworks",
					"@loader_path/Frameworks",
				);
				PRODUCT_BUNDLE_IDENTIFIER = com.project.RunTouristIosTests;
				PRODUCT_NAME = "$(TARGET_NAME)";
				SWIFT_VERSION = 5.0;
				TARGETED_DEVICE_FAMILY = "1,2";
				TEST_HOST = "$(BUILT_PRODUCTS_DIR)/RunTouristIos.app/RunTouristIos";
			};
			name = Release;
		};
		FA824BB8262D4BD500E5117E /* Debug */ = {
			isa = XCBuildConfiguration;
			buildSettings = {
				ALWAYS_EMBED_SWIFT_STANDARD_LIBRARIES = YES;
				CODE_SIGN_STYLE = Automatic;
				INFOPLIST_FILE = RunTouristIosUITests/Info.plist;
				LD_RUNPATH_SEARCH_PATHS = (
					"$(inherited)",
					"@executable_path/Frameworks",
					"@loader_path/Frameworks",
				);
				PRODUCT_BUNDLE_IDENTIFIER = com.project.RunTouristIosUITests;
				PRODUCT_NAME = "$(TARGET_NAME)";
				SWIFT_VERSION = 5.0;
				TARGETED_DEVICE_FAMILY = "1,2";
				TEST_TARGET_NAME = RunTouristIos;
			};
			name = Debug;
		};
		FA824BB9262D4BD500E5117E /* Release */ = {
			isa = XCBuildConfiguration;
			buildSettings = {
				ALWAYS_EMBED_SWIFT_STANDARD_LIBRARIES = YES;
				CODE_SIGN_STYLE = Automatic;
				INFOPLIST_FILE = RunTouristIosUITests/Info.plist;
				LD_RUNPATH_SEARCH_PATHS = (
					"$(inherited)",
					"@executable_path/Frameworks",
					"@loader_path/Frameworks",
				);
				PRODUCT_BUNDLE_IDENTIFIER = com.project.RunTouristIosUITests;
				PRODUCT_NAME = "$(TARGET_NAME)";
				SWIFT_VERSION = 5.0;
				TARGETED_DEVICE_FAMILY = "1,2";
				TEST_TARGET_NAME = RunTouristIos;
			};
			name = Release;
		};
/* End XCBuildConfiguration section */

/* Begin XCConfigurationList section */
		FA824B7F262D4BD400E5117E /* Build configuration list for PBXProject "RunTouristIos" */ = {
			isa = XCConfigurationList;
			buildConfigurations = (
				FA824BAF262D4BD500E5117E /* Debug */,
				FA824BB0262D4BD500E5117E /* Release */,
			);
			defaultConfigurationIsVisible = 0;
			defaultConfigurationName = Release;
		};
		FA824BB1262D4BD500E5117E /* Build configuration list for PBXNativeTarget "RunTouristIos" */ = {
			isa = XCConfigurationList;
			buildConfigurations = (
				FA824BB2262D4BD500E5117E /* Debug */,
				FA824BB3262D4BD500E5117E /* Release */,
			);
			defaultConfigurationIsVisible = 0;
			defaultConfigurationName = Release;
		};
		FA824BB4262D4BD500E5117E /* Build configuration list for PBXNativeTarget "RunTouristIosTests" */ = {
			isa = XCConfigurationList;
			buildConfigurations = (
				FA824BB5262D4BD500E5117E /* Debug */,
				FA824BB6262D4BD500E5117E /* Release */,
			);
			defaultConfigurationIsVisible = 0;
			defaultConfigurationName = Release;
		};
		FA824BB7262D4BD500E5117E /* Build configuration list for PBXNativeTarget "RunTouristIosUITests" */ = {
			isa = XCConfigurationList;
			buildConfigurations = (
				FA824BB8262D4BD500E5117E /* Debug */,
				FA824BB9262D4BD500E5117E /* Release */,
			);
			defaultConfigurationIsVisible = 0;
			defaultConfigurationName = Release;
		};
/* End XCConfigurationList section */

/* Begin XCVersionGroup section */
		FA824B90262D4BD400E5117E /* RunTouristIos.xcdatamodeld */ = {
			isa = XCVersionGroup;
			children = (
				FA824B91262D4BD400E5117E /* RunTouristIos.xcdatamodel */,
			);
			currentVersion = FA824B91262D4BD400E5117E /* RunTouristIos.xcdatamodel */;
			path = RunTouristIos.xcdatamodeld;
			sourceTree = "<group>";
			versionGroupType = wrapper.xcdatamodel;
		};
/* End XCVersionGroup section */
	};
	rootObject = FA824B7C262D4BD400E5117E /* Project object */;
}
